
Microsoft Visual Studio Solution File, Format Version 12.00
# Visual Studio 15
VisualStudioVersion = 15.0.28307.1000
MinimumVisualStudioVersion = 10.0.40219.1
Project("{FAE04EC0-301F-11D3-BF4B-00C04F79EFBC}") = "odebrani jednoho prvku", "odebrani jednoho prvku\odebrani jednoho prvku.csproj", "{925004DB-8DAE-4CF5-83D3-9449CA42958A}"
EndProject
Global
	GlobalSection(SolutionConfigurationPlatforms) = preSolution
		Debug|Any CPU = Debug|Any CPU
		Release|Any CPU = Release|Any CPU
	EndGlobalSection
	GlobalSection(ProjectConfigurationPlatforms) = postSolution
		{925004DB-8DAE-4CF5-83D3-9449CA42958A}.Debug|Any CPU.ActiveCfg = Debug|Any CPU
		{925004DB-8DAE-4CF5-83D3-9449CA42958A}.Debug|Any CPU.Build.0 = Debug|Any CPU
		{925004DB-8DAE-4CF5-83D3-9449CA42958A}.Release|Any CPU.ActiveCfg = Release|Any CPU
		{925004DB-8DAE-4CF5-83D3-9449CA42958A}.Release|Any CPU.Build.0 = Release|Any CPU
	EndGlobalSection
	GlobalSection(SolutionProperties) = preSolution
		HideSolutionNode = FALSE
	EndGlobalSection
	GlobalSection(ExtensibilityGlobals) = postSolution
		SolutionGuid = {53E37DA8-BD34-4B51-8511-FD4107552806}
	EndGlobalSection
EndGlobal
